[[package]]
category = "main"
description = "Fast ASN.1 parser and serializer with definitions for private keys, public keys, certificates, CRL, OCSP, CMS, PKCS#3, PKCS#7, PKCS#8, PKCS#12, PKCS#5, X.509 and TSP"
name = "asn1crypto"
optional = false
python-versions = "*"
version = "0.24.0"

[[package]]
category = "main"
description = "Atomic file writes."
name = "atomicwrites"
optional = false
python-versions = ">=2.7, !=3.0.*, !=3.1.*, !=3.2.*, !=3.3.*"
version = "1.3.0"

[[package]]
category = "main"
description = "Classes Without Boilerplate"
name = "attrs"
optional = false
python-versions = "*"
version = "18.2.0"

[[package]]
category = "main"
description = "Self-service finite-state machines for the programmer on the go."
name = "automat"
optional = false
python-versions = "*"
version = "0.7.0"

[package.dependencies]
attrs = ">=16.1.0"
six = "*"

[[package]]
category = "main"
description = "Python package for providing Mozilla's CA Bundle."
name = "certifi"
optional = false
python-versions = "*"
version = "2018.11.29"

[[package]]
category = "main"
description = "Foreign Function Interface for Python calling C code."
name = "cffi"
optional = false
python-versions = "*"
version = "1.12.2"

[package.dependencies]
pycparser = "*"

[[package]]
category = "main"
description = "Universal encoding detector for Python 2 and 3"
name = "chardet"
optional = false
python-versions = "*"
version = "3.0.4"

[[package]]
category = "main"
description = "Cross-platform colored terminal text."
marker = "sys_platform == \"win32\""
name = "colorama"
optional = false
python-versions = ">=2.7, !=3.0.*, !=3.1.*, !=3.2.*, !=3.3.*"
version = "0.4.1"

[[package]]
category = "main"
description = "Symbolic constants in Python"
name = "constantly"
optional = false
python-versions = "*"
version = "15.1.0"

[[package]]
category = "main"
description = "cryptography is a package which provides cryptographic recipes and primitives to Python developers."
name = "cryptography"
optional = false
python-versions = ">=2.7,!=3.0.*,!=3.1.*,!=3.2.*,!=3.3.*"
version = "2.6"

[package.dependencies]
asn1crypto = ">=0.21.0"
cffi = ">=1.8,<1.11.3 || >1.11.3"
six = ">=1.4.1"

[[package]]
category = "main"
description = "cssselect parses CSS3 Selectors and translates them to XPath 1.0"
name = "cssselect"
optional = false
python-versions = ">=2.7, !=3.0.*, !=3.1.*, !=3.2.*, !=3.3.*"
version = "1.0.3"

[[package]]
category = "main"
description = "A featureful, immutable, and correct URL for Python."
name = "hyperlink"
optional = false
python-versions = "*"
version = "18.0.0"

[package.dependencies]
idna = ">=2.5"

[[package]]
category = "main"
description = "Internationalized Domain Names in Applications (IDNA)"
name = "idna"
optional = false
python-versions = ">=2.7, !=3.0.*, !=3.1.*, !=3.2.*, !=3.3.*"
version = "2.8"

[[package]]
category = "main"
description = ""
name = "incremental"
optional = false
python-versions = "*"
version = "17.5.0"

[[package]]
category = "main"
description = "Powerful and Pythonic XML processing library combining libxml2/libxslt with the ElementTree API."
name = "lxml"
optional = false
python-versions = "*"
version = "4.3.1"

[[package]]
category = "main"
description = "More routines for operating on iterables, beyond itertools"
marker = "python_version > \"2.7\""
name = "more-itertools"
optional = false
python-versions = ">=3.4"
version = "6.0.0"

[[package]]
category = "main"
description = "Parsel is a library to extract data from HTML and XML using XPath and CSS selectors"
name = "parsel"
optional = false
python-versions = "*"
version = "1.5.1"

[package.dependencies]
cssselect = ">=0.9"
lxml = ">=2.3"
six = ">=1.5.2"
w3lib = ">=1.19.0"

[[package]]
category = "main"
description = "Object-oriented filesystem paths"
name = "pathlib"
optional = false
python-versions = "*"
version = "1.0.1"

[[package]]
category = "main"
description = "plugin and hook calling mechanisms for python"
name = "pluggy"
optional = false
python-versions = ">=2.7, !=3.0.*, !=3.1.*, !=3.2.*, !=3.3.*"
version = "0.9.0"

[[package]]
category = "main"
description = "library with cross-python path, ini-parsing, io, code, log facilities"
name = "py"
optional = false
python-versions = ">=2.7, !=3.0.*, !=3.1.*, !=3.2.*, !=3.3.*"
version = "1.8.0"

[[package]]
category = "main"
description = "ASN.1 types and codecs"
name = "pyasn1"
optional = false
python-versions = "*"
version = "0.4.5"

[[package]]
category = "main"
description = "A collection of ASN.1-based protocols modules."
name = "pyasn1-modules"
optional = false
python-versions = "*"
version = "0.2.4"

[package.dependencies]
pyasn1 = ">=0.4.1,<0.5.0"

[[package]]
category = "main"
description = "C parser in Python"
name = "pycparser"
optional = false
python-versions = "*"
version = "2.19"

[[package]]
category = "main"
description = "Multi-producer-multi-consumer signal dispatching mechanism"
name = "pydispatcher"
optional = false
python-versions = "*"
version = "2.0.5"

[[package]]
category = "main"
description = "Hamcrest framework for matcher objects"
name = "pyhamcrest"
optional = false
python-versions = "*"
version = "1.9.0"

[package.dependencies]
setuptools = "*"
six = "*"

[[package]]
category = "main"
description = "Python wrapper module around the OpenSSL library"
name = "pyopenssl"
optional = false
python-versions = "*"
version = "19.0.0"

[package.dependencies]
cryptography = ">=2.3"
six = ">=1.5.2"

[[package]]
category = "main"
description = "Multi-producer-multi-consumer signal dispatching mechanism"
marker = "platform_python_implementation == \"PyPy\""
name = "pypydispatcher"
optional = false
python-versions = "*"
version = "2.1.2"

[[package]]
category = "main"
description = "pytest: simple powerful testing with Python"
name = "pytest"
optional = false
python-versions = ">=2.7, !=3.0.*, !=3.1.*, !=3.2.*, !=3.3.*"
version = "4.3.0"

[package.dependencies]
atomicwrites = ">=1.0"
attrs = ">=17.4.0"
colorama = "*"
pluggy = ">=0.7"
py = ">=1.5.0"
setuptools = "*"
six = ">=1.10.0"

[package.dependencies.more-itertools]
python = ">2.7"
version = ">=4.0.0"

[[package]]
category = "main"
description = "Collection of persistent (disk-based) queues"
name = "queuelib"
optional = false
python-versions = "*"
version = "1.5.0"

[[package]]
category = "main"
description = "Python HTTP for Humans."
name = "requests"
optional = false
python-versions = ">=2.7, !=3.0.*, !=3.1.*, !=3.2.*, !=3.3.*"
version = "2.21.0"

[package.dependencies]
certifi = ">=2017.4.17"
chardet = ">=3.0.2,<3.1.0"
idna = ">=2.5,<2.9"
urllib3 = ">=1.21.1,<1.25"

[[package]]
category = "main"
description = "Persistent cache for requests library"
name = "requests-cache"
optional = false
python-versions = "*"
version = "0.4.13"

[package.dependencies]
requests = ">=1.1.0"

[[package]]
category = "main"
description = "A common, beautiful interface to tabular data, no matter the format"
name = "rows"
optional = false
python-versions = "*"
version = "0.4.1"

[package.dependencies]
pathlib = "*"
six = "*"
unicodecsv = "*"

[[package]]
category = "main"
description = "A high-level Web Crawling and Web Scraping framework"
name = "scrapy"
optional = false
python-versions = ">=2.7, !=3.0.*, !=3.1.*, !=3.2.*, !=3.3.*"
version = "1.6.0"

[package.dependencies]
PyDispatcher = ">=2.0.5"
PyPyDispatcher = ">=2.1.0"
Twisted = ">=13.1.0"
cssselect = ">=0.9"
lxml = "*"
parsel = ">=1.5"
pyOpenSSL = "*"
queuelib = "*"
service-identity = "*"
six = ">=1.5.2"
w3lib = ">=1.17.0"

[[package]]
category = "main"
description = "Service identity verification for pyOpenSSL & cryptography."
name = "service-identity"
optional = false
python-versions = "*"
version = "18.1.0"

[package.dependencies]
attrs = ">=16.0.0"
cryptography = "*"
pyasn1 = "*"
pyasn1-modules = "*"

[[package]]
category = "main"
description = "Python 2 and 3 compatibility utilities"
name = "six"
optional = false
python-versions = ">=2.6, !=3.0.*, !=3.1.*"
version = "1.12.0"

[[package]]
category = "main"
description = "An asynchronous networking framework written in Python"
name = "twisted"
optional = false
python-versions = "*"
version = "18.9.0"

[package.dependencies]
Automat = ">=0.3.0"
PyHamcrest = ">=1.9.0"
attrs = ">=17.4.0"
constantly = ">=15.1"
hyperlink = ">=17.1.1"
incremental = ">=16.10.1"
"zope.interface" = ">=4.4.2"

[[package]]
category = "main"
description = "Python2's stdlib csv module is nice, but it doesn't support unicode. This module is a drop-in replacement which *does*."
name = "unicodecsv"
optional = false
python-versions = "*"
version = "0.14.1"

[[package]]
category = "main"
description = "HTTP library with thread-safe connection pooling, file post, and more."
name = "urllib3"
optional = false
python-versions = ">=2.7, !=3.0.*, !=3.1.*, !=3.2.*, !=3.3.*, <4"
version = "1.24.1"

[[package]]
category = "main"
description = "Library of web-related functions"
name = "w3lib"
optional = false
python-versions = "*"
version = "1.20.0"

[package.dependencies]
six = ">=1.4.1"

[[package]]
category = "main"
description = "Interfaces for Python"
name = "zope.interface"
optional = false
python-versions = ">=2.7, !=3.0.*, !=3.1.*, !=3.2.*, !=3.3.*"
version = "4.6.0"

[package.dependencies]
setuptools = "*"

[metadata]
content-hash = "4ddf0210a75d0c0fd6562792bf68970e25999611363cd97eaee91570cdf33fb0"
python-versions = "^3.7"

[metadata.hashes]
asn1crypto = ["2f1adbb7546ed199e3c90ef23ec95c5cf3585bac7d11fb7eb562a3fe89c64e87", "9d5c20441baf0cb60a4ac34cc447c6c189024b6b4c6cd7877034f4965c464e49"]
atomicwrites = ["03472c30eb2c5d1ba9227e4c2ca66ab8287fbfbbda3888aa93dc2e28fc6811b4", "75a9445bac02d8d058d5e1fe689654ba5a6556a1dfd8ce6ec55a0ed79866cfa6"]
attrs = ["10cbf6e27dbce8c30807caf056c8eb50917e0eaafe86347671b57254006c3e69", "ca4be454458f9dec299268d472aaa5a11f67a4ff70093396e1ceae9c76cf4bbb"]
automat = ["cbd78b83fa2d81fe2a4d23d258e1661dd7493c9a50ee2f1a5b2cac61c1793b0e", "fdccab66b68498af9ecfa1fa43693abe546014dd25cf28543cbe9d1334916a58"]
certifi = ["47f9c83ef4c0c621eaef743f133f09fa8a74a9b75f037e8624f83bd1b6626cb7", "993f830721089fef441cdfeb4b2c8c9df86f0c63239f06bd025a76a7daddb033"]
cffi = ["00b97afa72c233495560a0793cdc86c2571721b4271c0667addc83c417f3d90f", "0ba1b0c90f2124459f6966a10c03794082a2f3985cd699d7d63c4a8dae113e11", "0bffb69da295a4fc3349f2ec7cbe16b8ba057b0a593a92cbe8396e535244ee9d", "21469a2b1082088d11ccd79dd84157ba42d940064abbfa59cf5f024c19cf4891", "2e4812f7fa984bf1ab253a40f1f4391b604f7fc424a3e21f7de542a7f8f7aedf", "2eac2cdd07b9049dd4e68449b90d3ef1adc7c759463af5beb53a84f1db62e36c", "2f9089979d7456c74d21303c7851f158833d48fb265876923edcb2d0194104ed", "3dd13feff00bddb0bd2d650cdb7338f815c1789a91a6f68fdc00e5c5ed40329b", "4065c32b52f4b142f417af6f33a5024edc1336aa845b9d5a8d86071f6fcaac5a", "51a4ba1256e9003a3acf508e3b4f4661bebd015b8180cc31849da222426ef585", "59888faac06403767c0cf8cfb3f4a777b2939b1fbd9f729299b5384f097f05ea", "59c87886640574d8b14910840327f5cd15954e26ed0bbd4e7cef95fa5aef218f", "610fc7d6db6c56a244c2701575f6851461753c60f73f2de89c79bbf1cc807f33", "70aeadeecb281ea901bf4230c6222af0248c41044d6f57401a614ea59d96d145", "71e1296d5e66c59cd2c0f2d72dc476d42afe02aeddc833d8e05630a0551dad7a", "8fc7a49b440ea752cfdf1d51a586fd08d395ff7a5d555dc69e84b1939f7ddee3", "9b5c2afd2d6e3771d516045a6cfa11a8da9a60e3d128746a7fe9ab36dfe7221f", "9c759051ebcb244d9d55ee791259ddd158188d15adee3c152502d3b69005e6bd", "b4d1011fec5ec12aa7cc10c05a2f2f12dfa0adfe958e56ae38dc140614035804", "b4f1d6332339ecc61275bebd1f7b674098a66fea11a00c84d1c58851e618dc0d", "c030cda3dc8e62b814831faa4eb93dd9a46498af8cd1d5c178c2de856972fd92", "c2e1f2012e56d61390c0e668c20c4fb0ae667c44d6f6a2eeea5d7148dcd3df9f", "c37c77d6562074452120fc6c02ad86ec928f5710fbc435a181d69334b4de1d84", "c8149780c60f8fd02752d0429246088c6c04e234b895c4a42e1ea9b4de8d27fb", "cbeeef1dc3c4299bd746b774f019de9e4672f7cc666c777cd5b409f0b746dac7", "e113878a446c6228669144ae8a56e268c91b7f1fafae927adc4879d9849e0ea7", "e21162bf941b85c0cda08224dade5def9360f53b09f9f259adb85fc7dd0e7b35", "fb6934ef4744becbda3143d30c6604718871495a5e36c408431bf33d9c146889"]
chardet = ["84ab92ed1c4d4f16916e05906b6b75a6c0fb5db821cc65e70cbd64a3e2a5eaae", "fc323ffcaeaed0e0a02bf4d117757b98aed530d9ed4531e3e15460124c106691"]
colorama = ["05eed71e2e327246ad6b38c540c4a3117230b19679b875190486ddd2d721422d", "f8ac84de7840f5b9c4e3347b3c1eaa50f7e49c2b07596221daec5edaabbd7c48"]
constantly = ["586372eb92059873e29eba4f9dec8381541b4d3834660707faf8ba59146dfc35", "dd2fa9d6b1a51a83f0d7dd76293d734046aa176e384bf6e33b7e44880eb37c5d"]
cryptography = ["01621aecc5cb35b2c3d6c4cdb9fc920408d2f47e2d68f87b95e3b29ef5453216", "067649cb9a23cda9e1accd948e044ae6194160586d4a715c6833af09af278731", "216ec8319576623d1bb16e2dbe9e52afb49ea4e5f10c78f90253a65cc09ee833", "23e0cb0b3a76e4093791568b2f5097b71b8c2a88e040d000d185421a51ec0a8c", "41d3d15be7f297275e8b476cbd132c9d6701c5206e6c48c5946ec40ff2abb1bc", "4bd24ff80170cfcb087bcf94f5f46c14735bcc3e626f263b22d7dbbdc7b417ef", "4fa9a611837e2ab3924af98f0052a7439e04a5a0aab5d5157fff26457171ffa7", "564b0e6c9ce1efd932510a1d2015036cbc86cfe3fd1618e5e171f3f6878d4019", "5990496950a45b83304a874fb6e4f9ec12b576b22307d9c6213f71c7b103eec8", "6ee49acf009aa1b44d10a1498ca9341c3a1a9f4d72aff2b5967436eaa9c056b0", "7553440417d7d5d8295a453843430f131cd77631af164a0a68ad1c9918ca74ab", "78f680a50c7bd2a95998cfcfd33b83d7f51c9e6814a71bf18fab021e4022c98b", "7b0dff05319df4ac66b6acaed1a878096dc3778cae7a767f365c4363062b6b23", "9810ecf2451c71b7ee4fe93ef8374b8c99fbed71b1862c1405954f7dd87bd994", "9abcea0f0036a6559e15ed5b46640ea9620536d8b2c7a8a0e0c1397723780b1c", "bba48db0fcb0f80dc719b2c9278bbd89857e46f2743db950914ac7463a459835", "bf4dd708249cf3d8cbb493aaf8e1b0733ef21aa56a706f6d4621b1079c577f13", "c9aca85672608f7bfeac8d824e3c2c357620817b56c17f7518a9b626ec3f0ef1", "f35a030eddea954738f41e4464cde5b5f25a3cdfd8fd5ab945450ff5e41981aa"]
cssselect = ["066d8bc5229af09617e24b3ca4d52f1f9092d9e061931f4184cd572885c23204", "3b5103e8789da9e936a68d993b70df732d06b8bb9a337a05ed4eb52c17ef7206"]
hyperlink = ["98da4218a56b448c7ec7d2655cb339af1f7d751cf541469bb4fc28c4a4245b34", "f01b4ff744f14bc5d0a22a6b9f1525ab7d6312cb0ff967f59414bbac52f0a306"]
idna = ["c357b3f628cf53ae2c4c05627ecc484553142ca23264e593d327bcde5e9c3407", "ea8b7f6188e6fa117537c3df7da9fc686d485087abf6ac197f9c46432f7e4a3c"]
incremental = ["717e12246dddf231a349175f48d74d93e2897244939173b01974ab6661406b9f", "7b751696aaf36eebfab537e458929e194460051ccad279c72b755a167eebd4b3"]
lxml = ["0537eee4902e8bf4f41bfee8133f7edf96533dd175930a12086d6a40d62376b2", "0562ec748abd230ab87d73384e08fa784f9b9cee89e28696087d2d22c052cc27", "09e91831e749fbf0f24608694e4573be0ef51430229450c39c83176cc2e2d353", "1ae4c0722fc70c0d4fba43ae33c2885f705e96dce1db41f75ae14a2d2749b428", "1c630c083d782cbaf1f7f37f6cac87bda9cff643cf2803a5f180f30d97955cef", "2fe74e3836bd8c0fa7467ffae05545233c7f37de1eb765cacfda15ad20c6574a", "37af783c2667ead34a811037bda56a0b142ac8438f7ed29ae93f82ddb812fbd6", "3f2d9eafbb0b24a33f56acd16f39fc935756524dcb3172892721c54713964c70", "47d8365a8ef14097aa4c65730689be51851b4ade677285a3b2daa03b37893e26", "510e904079bc56ea784677348e151e1156040dbfb736f1d8ea4b9e6d0ab2d9f4", "58d0851da422bba31c7f652a7e9335313cf94a641aa6d73b8f3c67602f75b593", "7940d5c2185ffb989203dacbb28e6ae88b4f1bb25d04e17f94b0edd82232bcbd", "7cf39bb3a905579836f7a8f3a45320d9eb22f16ab0c1e112efb940ced4d057a5", "9563a23c1456c0ab550c087833bc13fcc61013a66c6420921d5b70550ea312bf", "95b392952935947e0786a90b75cc33388549dcb19af716b525dae65b186138fc", "983129f3fd3cef5c3cf067adcca56e30a169656c00fcc6c648629dbb850b27fa", "a0b75b1f1854771844c647c464533def3e0a899dd094a85d1d4ed72ecaaee93d", "b5db89cc0ef624f3a81214b7961a99f443b8c91e88188376b6b322fd10d5b118", "c0a7751ba1a4bfbe7831920d98cee3ce748007eab8dfda74593d44079568219a", "c0c5a7d4aafcc30c9b6d8613a362567e32e5f5b708dc41bc3a81dac56f8af8bb", "d4d63d85eacc6cb37b459b16061e1f100d154bee89dc8d8f9a6128a5a538e92e", "da5e7e941d6e71c9c9a717c93725cda0708c2474f532e3680ac5e39ec57d224d", "dccad2b3c583f036f43f80ac99ee212c2fa9a45151358d55f13004d095e683b2", "df46307d39f2aeaafa1d25309b8a8d11738b73e9861f72d4d0a092528f498baa", "e70b5e1cb48828ddd2818f99b1662cb9226dc6f57d07fc75485405c77da17436", "ea825562b8cd057cbc9810d496b8b5dec37a1e2fc7b27bc7c1e72ce94462a09a"]
more-itertools = ["0125e8f60e9e031347105eb1682cef932f5e97d7b9a1a28d9bf00c22a5daef40", "590044e3942351a1bdb1de960b739ff4ce277960f2425ad4509446dbace8d9d1"]
parsel = ["493a9214acbdcb4487a084d95344c25e85e90426a67311ea0425dc5df8dc24b9", "9ccd82b8a122345601f6f9209e972c0e8c3518a188fcff2d37cb4d7bc570b4b8"]
pathlib = ["6940718dfc3eff4258203ad5021090933e5c04707d5ca8cc9e73c94a7894ea9f"]
pluggy = ["19ecf9ce9db2fce065a7a0586e07cfb4ac8614fe96edf628a264b1c70116cf8f", "84d306a647cc805219916e62aab89caa97a33a1dd8c342e87a37f91073cd4746"]
py = ["64f65755aee5b381cea27766a3a147c3f15b9b6b9ac88676de66ba2ae36793fa", "dc639b046a6e2cff5bbe40194ad65936d6ba360b52b3c3fe1d08a82dd50b5e53"]
pyasn1 = ["061442c60842f6d11051d4fdae9bc197b64bd41573a12234a753a0cb80b4f30b", "0ee2449bf4c4e535823acc25624c45a8b454f328d59d3f3eeb82d3567100b9bd", "5f9fb05c33e53b9a6ee3b1ed1d292043f83df465852bec876e93b47fd2df7eed", "65201d28e081f690a32401e6253cca4449ccacc8f3988e811fae66bd822910ee", "79b336b073a52fa3c3d8728e78fa56b7d03138ef59f44084de5f39650265b5ff", "8ec20f61483764de281e0b4aba7d12716189700debcfa9e7935780850bf527f3", "9458d0273f95d035de4c0d5e0643f25daba330582cc71bb554fe6969c015042a", "98d97a1833a29ca61cd04a60414def8f02f406d732f9f0bcb49f769faff1b699", "b00d7bfb6603517e189d1ad76967c7e805139f63e43096e5f871d1277f50aea5", "b06c0cfd708b806ea025426aace45551f91ea7f557e0c2d4fbd9a4b346873ce0", "d14d05984581770333731690f5453efd4b82e1e5d824a1d7976b868a2e5c38e8", "da2420fe13a9452d8ae97a0e478adde1dee153b11ba832a95b223a2ba01c10f7", "da6b43a8c9ae93bc80e2739efb38cc776ba74a886e3e9318d65fe81a8b8a2c6e"]
pyasn1-modules = ["136020f884635942239b33abdb63b1e0fdfb3c4bc8693f769ff1ab0908133a5b", "1c2ce0717e099620d7d425d2bb55e68f8126d77c8ba93112f0448a212048fe76", "39da883a45dfc71314c48bba772be63a13946d0dd6abde326df163656a7b13e1", "4160b0caedf8f1675ca7b94a65900d0219c715ac745cbc0c93557a9864b19748", "50c5f454c29bc8a7b8bfffc0fd00fed1f9012160b4532807a33c27af91747337", "52c46ecb2c1e7a03fe54dc8e11d6460ec7ebdcaedba3b0fe4ba2a811521df05f", "6db7a0510e55212b42a1f3e3553559eb214c8c8495e1018b4135d2bfb5a9169a", "79580acf813e3b7d6e69783884e6e83ac94bf4617b36a135b85c599d8a818a7b", "98e80b5ae1ed0d92694927a3e34df016c3b69b7bf439b32fc0a0dc516ec3653d", "9e879981cbf4c868a2267385a56837e0d384eab2d1690e6e0c8bba28d102509e", "a52090e8c5841ebbf08ae455146792d9ef3e8445b21055d3a3b7ed9c712b7c7c", "c00dad1d69d8592bbbc978f5beb3e992d3bf996e6b97eeec1c8608f81221d922", "c226b5c17683d98498e157d6ac0098b93f9c475da5bc50072f64bf3f3f6b828f"]
pycparser = ["a988718abfad80b6b157acce7bf130a30876d27603738ac39f140993246b25b3"]
pydispatcher = ["5570069e1b1769af1fe481de6dd1d3a388492acddd2cdad7a3bde145615d5caf", "5be4a8be12805ef7d712dd9a93284fb8bc53f309867e573f653a72e5fd10e433"]
pyhamcrest = ["6b672c02fdf7470df9674ab82263841ce8333fb143f32f021f6cb26f0e512420", "7a4bdade0ed98c699d728191a058a60a44d2f9c213c51e2dd1e6fb42f2c6128a", "8ffaa0a53da57e89de14ced7185ac746227a8894dbd5a3c718bf05ddbd1d56cd", "bac0bea7358666ce52e3c6c85139632ed89f115e9af52d44b3c36e0bf8cf16a9", "f30e9a310bcc1808de817a92e95169ffd16b60cbc5a016a49c8d0e8ababfae79"]
pyopenssl = ["aeca66338f6de19d1aa46ed634c3b9ae519a64b458f8468aec688e7e3c20f200", "c727930ad54b10fc157015014b666f2d8b41f70c0d03e83ab67624fd3dd5d1e6"]
pypydispatcher = ["b6bec5dfcff9d2535bca2b23c80eae367b1ac250a645106948d315fcfa9130f2"]
pytest = ["067a1d4bf827ffdd56ad21bd46674703fce77c5957f6c1eef731f6146bfcef1c", "9687049d53695ad45cf5fdc7bbd51f0c49f1ea3ecfc4b7f3fde7501b541f17f4"]
queuelib = ["42b413295551bdc24ed9376c1a2cd7d0b1b0fa4746b77b27ca2b797a276a1a17", "ff43b5b74b9266f8df4232a8f768dc4d67281a271905e2ed4a3689d4d304cd02"]
requests = ["502a824f31acdacb3a35b6690b5fbf0bc41d63a24a45c4004352b0242707598e", "7bf2a778576d825600030a110f3c0e3e8edc51dfaafe1c146e39a2027784957b"]
requests-cache = ["e9270030becc739b0a7f7f834234c73a878b2d794122bf76f40055a22419eb67", "fe561ca119879bbcfb51f03a35e35b425e18f338248e59fd5cf2166c77f457a2"]
rows = ["1c53a60eb90785b4e09624464e33d3de33d29147e1d2137acd7705ccb78984cb", "78447502f7121443dc9ce74c2c7ebbda314b9cc4d3b402fb771b12e1e1374f0d", "8cb54a7059385328944ef9fa61a5c05886a7b83e528d124338231f557d4be4f7"]
scrapy = ["4ec03552c9aed1e82a376488150e904e0213bdee3ca140225105e9b03d0de204", "558dfd10ac53cb324ecd7eefd3eac412161c7507c082b01b0bcd2c6e2e9f0766"]
service-identity = ["001c0707759cb3de7e49c078a7c0c9cd12594161d3bf06b9c254fdcb1a60dc36", "0858a54aabc5b459d1aafa8a518ed2081a285087f349fe3e55197989232e2e2d"]
six = ["3350809f0555b11f552448330d0b52d5f24c91a322ea4a15ef22629740f3761c", "d16a0141ec1a18405cd4ce8b4613101da75da0e9a7aec5bdd4fa804d0e0eba73"]
twisted = ["294be2c6bf84ae776df2fc98e7af7d6537e1c5e60a46d33c3ce2a197677da395"]
unicodecsv = ["018c08037d48649a0412063ff4eda26eaa81eff1546dbffa51fa5293276ff7fc"]
urllib3 = ["61bf29cada3fc2fbefad4fdf059ea4bd1b4a86d2b6d15e1c7c0b582b9752fe39", "de9529817c93f27c8ccbfead6985011db27bd0ddfcdb2d86f3f663385c6a9c22"]
w3lib = ["67eacd24f4f233a80bc472835ad6aad99616e49aa1d795f3dbb7b8b028fec6cf", "e54db912ae1c79d3e246b16d3645bdf701f70ac4f8a2fc46eeb284cc02a31cd7"]
"zope.interface" = ["086707e0f413ff8800d9c4bc26e174f7ee4c9c8b0302fbad68d083071822316c", "1157b1ec2a1f5bf45668421e3955c60c610e31913cc695b407a574efdbae1f7b", "11ebddf765bff3bbe8dbce10c86884d87f90ed66ee410a7e6c392086e2c63d02", "14b242d53f6f35c2d07aa2c0e13ccb710392bcd203e1b82a1828d216f6f6b11f", "1b3d0dcabc7c90b470e59e38a9acaa361be43b3a6ea644c0063951964717f0e5", "20a12ab46a7e72b89ce0671e7d7a6c3c1ca2c2766ac98112f78c5bddaa6e4375", "298f82c0ab1b182bd1f34f347ea97dde0fffb9ecf850ecf7f8904b8442a07487", "2f6175722da6f23dbfc76c26c241b67b020e1e83ec7fe93c9e5d3dd18667ada2", "3b877de633a0f6d81b600624ff9137312d8b1d0f517064dfc39999352ab659f0", "4265681e77f5ac5bac0905812b828c9fe1ce80c6f3e3f8574acfb5643aeabc5b", "550695c4e7313555549aa1cdb978dc9413d61307531f123558e438871a883d63", "5f4d42baed3a14c290a078e2696c5f565501abde1b2f3f1a1c0a94fbf6fbcc39", "62dd71dbed8cc6a18379700701d959307823b3b2451bdc018594c48956ace745", "7040547e5b882349c0a2cc9b50674b1745db551f330746af434aad4f09fba2cc", "7e099fde2cce8b29434684f82977db4e24f0efa8b0508179fce1602d103296a2", "7e5c9a5012b2b33e87980cee7d1c82412b2ebabcb5862d53413ba1a2cfde23aa", "81295629128f929e73be4ccfdd943a0906e5fe3cdb0d43ff1e5144d16fbb52b1", "95cc574b0b83b85be9917d37cd2fad0ce5a0d21b024e1a5804d044aabea636fc", "968d5c5702da15c5bf8e4a6e4b67a4d92164e334e9c0b6acf080106678230b98", "9e998ba87df77a85c7bed53240a7257afe51a07ee6bc3445a0bf841886da0b97", "a0c39e2535a7e9c195af956610dba5a1073071d2d85e9d2e5d789463f63e52ab", "a15e75d284178afe529a536b0e8b28b7e107ef39626a7809b4ee64ff3abc9127", "a6a6ff82f5f9b9702478035d8f6fb6903885653bff7ec3a1e011edc9b1a7168d", "b639f72b95389620c1f881d94739c614d385406ab1d6926a9ffe1c8abbea23fe", "bad44274b151d46619a7567010f7cde23a908c6faa84b97598fd2f474a0c6891", "bbcef00d09a30948756c5968863316c949d9cedbc7aabac5e8f0ffbdb632e5f1", "d788a3999014ddf416f2dc454efa4a5dbeda657c6aba031cf363741273804c6b", "eed88ae03e1ef3a75a0e96a55a99d7937ed03e53d0cffc2451c208db445a2966", "f99451f3a579e73b5dd58b1b08d1179791d49084371d9a47baad3b22417f0317"]
